
Microsoft Visual Studio Solution File, Format Version 12.00
# Visual Studio 2013
VisualStudioVersion = 12.0.31101.0
MinimumVisualStudioVersion = 10.0.40219.1
Project("{FAE04EC0-301F-11D3-BF4B-00C04F79EFBC}") = "ClouDeveloper.Log4net.CallerInfo", "ClouDeveloper.Log4net.CallerInfo\ClouDeveloper.Log4net.CallerInfo.csproj", "{72A0793C-DF0A-45C4-8F1A-25F387B2272A}"
EndProject
Project("{FAE04EC0-301F-11D3-BF4B-00C04F79EFBC}") = "ClouDeveloper.Log4net.CallerInfo.Test", "ClouDeveloper.Log4net.CallerInfo.Test\ClouDeveloper.Log4net.CallerInfo.Test.csproj", "{D2845F69-2E38-4114-A75D-D24C09DF3AA2}"
EndProject
Global
	GlobalSection(SolutionConfigurationPlatforms) = preSolution
		Debug|Any CPU = Debug|Any CPU
		Release|Any CPU = Release|Any CPU
	EndGlobalSection
	GlobalSection(ProjectConfigurationPlatforms) = postSolution
		{72A0793C-DF0A-45C4-8F1A-25F387B2272A}.Debug|Any CPU.ActiveCfg = Debug|Any CPU
		{72A0793C-DF0A-45C4-8F1A-25F387B2272A}.Debug|Any CPU.Build.0 = Debug|Any CPU
		{72A0793C-DF0A-45C4-8F1A-25F387B2272A}.Release|Any CPU.ActiveCfg = Release|Any CPU
		{72A0793C-DF0A-45C4-8F1A-25F387B2272A}.Release|Any CPU.Build.0 = Release|Any CPU
		{D2845F69-2E38-4114-A75D-D24C09DF3AA2}.Debug|Any CPU.ActiveCfg = Debug|Any CPU
		{D2845F69-2E38-4114-A75D-D24C09DF3AA2}.Debug|Any CPU.Build.0 = Debug|Any CPU
		{D2845F69-2E38-4114-A75D-D24C09DF3AA2}.Release|Any CPU.ActiveCfg = Release|Any CPU
		{D2845F69-2E38-4114-A75D-D24C09DF3AA2}.Release|Any CPU.Build.0 = Release|Any CPU
	EndGlobalSection
	GlobalSection(SolutionProperties) = preSolution
		HideSolutionNode = FALSE
	EndGlobalSection
EndGlobal
